
Microsoft Visual Studio Solution File, Format Version 12.00
# Visual Studio Version 16
VisualStudioVersion = 16.0.29926.136
MinimumVisualStudioVersion = 10.0.40219.1
Project("{FAE04EC0-301F-11D3-BF4B-00C04F79EFBC}") = "VLegalizer.Common", "VLegalizer.Common\VLegalizer.Common.csproj", "{01F54B5D-DC75-42AC-9FC2-700CADD49319}"
EndProject
Project("{FAE04EC0-301F-11D3-BF4B-00C04F79EFBC}") = "VLegalizer.Web", "VLegalizer.Web\VLegalizer.Web.csproj", "{B9AF62ED-BFB3-4523-864D-46FEA9B1573C}"
EndProject
Project("{FAE04EC0-301F-11D3-BF4B-00C04F79EFBC}") = "VLegalizer.Prism", "VLegalizer.Prism\VLegalizer.Prism\VLegalizer.Prism.csproj", "{BCE4A504-4FF4-431A-B3A3-2C32FD6ED693}"
EndProject
Project("{FAE04EC0-301F-11D3-BF4B-00C04F79EFBC}") = "VLegalizer.Prism.Android", "VLegalizer.Prism\VLegalizer.Prism.Android\VLegalizer.Prism.Android.csproj", "{071EE25E-F0D9-4F98-9994-5E1E392C3EFC}"
EndProject
Project("{FAE04EC0-301F-11D3-BF4B-00C04F79EFBC}") = "VLegalizer.Prism.iOS", "VLegalizer.Prism\VLegalizer.Prism.iOS\VLegalizer.Prism.iOS.csproj", "{A5E652F6-8B28-4906-AEB1-46833FB8A4A9}"
EndProject
Project("{FAE04EC0-301F-11D3-BF4B-00C04F79EFBC}") = "VLegalizer.Cross.Android", "VLegalizer.Cross.Android\VLegalizer.Cross.Android.csproj", "{67E4EC9D-69DC-42E7-A3B3-460221DD817B}"
EndProject
Project("{FAE04EC0-301F-11D3-BF4B-00C04F79EFBC}") = "VLegalizer.Cross.iOS", "VLegalizer.Cross.iOS\VLegalizer.Cross.iOS.csproj", "{A14B06BC-D4F0-40EC-B157-1C2671D46CFB}"
EndProject
Global
	GlobalSection(SolutionConfigurationPlatforms) = preSolution
		Ad-Hoc|Any CPU = Ad-Hoc|Any CPU
		Ad-Hoc|iPhone = Ad-Hoc|iPhone
		Ad-Hoc|iPhoneSimulator = Ad-Hoc|iPhoneSimulator
		AppStore|Any CPU = AppStore|Any CPU
		AppStore|iPhone = AppStore|iPhone
		AppStore|iPhoneSimulator = AppStore|iPhoneSimulator
		Debug|Any CPU = Debug|Any CPU
		Debug|iPhone = Debug|iPhone
		Debug|iPhoneSimulator = Debug|iPhoneSimulator
		Release|Any CPU = Release|Any CPU
		Release|iPhone = Release|iPhone
		Release|iPhoneSimulator = Release|iPhoneSimulator
	EndGlobalSection
	GlobalSection(ProjectConfigurationPlatforms) = postSolution
		{01F54B5D-DC75-42AC-9FC2-700CADD49319}.Ad-Hoc|Any CPU.ActiveCfg = Debug|Any CPU
		{01F54B5D-DC75-42AC-9FC2-700CADD49319}.Ad-Hoc|Any CPU.Build.0 = Debug|Any CPU
		{01F54B5D-DC75-42AC-9FC2-700CADD49319}.Ad-Hoc|iPhone.ActiveCfg = Debug|Any CPU
		{01F54B5D-DC75-42AC-9FC2-700CADD49319}.Ad-Hoc|iPhone.Build.0 = Debug|Any CPU
		{01F54B5D-DC75-42AC-9FC2-700CADD49319}.Ad-Hoc|iPhoneSimulator.ActiveCfg = Debug|Any CPU
		{01F54B5D-DC75-42AC-9FC2-700CADD49319}.Ad-Hoc|iPhoneSimulator.Build.0 = Debug|Any CPU
		{01F54B5D-DC75-42AC-9FC2-700CADD49319}.AppStore|Any CPU.ActiveCfg = Debug|Any CPU
		{01F54B5D-DC75-42AC-9FC2-700CADD49319}.AppStore|Any CPU.Build.0 = Debug|Any CPU
		{01F54B5D-DC75-42AC-9FC2-700CADD49319}.AppStore|iPhone.ActiveCfg = Debug|Any CPU
		{01F54B5D-DC75-42AC-9FC2-700CADD49319}.AppStore|iPhone.Build.0 = Debug|Any CPU
		{01F54B5D-DC75-42AC-9FC2-700CADD49319}.AppStore|iPhoneSimulator.ActiveCfg = Debug|Any CPU
		{01F54B5D-DC75-42AC-9FC2-700CADD49319}.AppStore|iPhoneSimulator.Build.0 = Debug|Any CPU
		{01F54B5D-DC75-42AC-9FC2-700CADD49319}.Debug|Any CPU.ActiveCfg = Debug|Any CPU
		{01F54B5D-DC75-42AC-9FC2-700CADD49319}.Debug|Any CPU.Build.0 = Debug|Any CPU
		{01F54B5D-DC75-42AC-9FC2-700CADD49319}.Debug|iPhone.ActiveCfg = Debug|Any CPU
		{01F54B5D-DC75-42AC-9FC2-700CADD49319}.Debug|iPhone.Build.0 = Debug|Any CPU
		{01F54B5D-DC75-42AC-9FC2-700CADD49319}.Debug|iPhoneSimulator.ActiveCfg = Debug|Any CPU
		{01F54B5D-DC75-42AC-9FC2-700CADD49319}.Debug|iPhoneSimulator.Build.0 = Debug|Any CPU
		{01F54B5D-DC75-42AC-9FC2-700CADD49319}.Release|Any CPU.ActiveCfg = Release|Any CPU
		{01F54B5D-DC75-42AC-9FC2-700CADD49319}.Release|Any CPU.Build.0 = Release|Any CPU
		{01F54B5D-DC75-42AC-9FC2-700CADD49319}.Release|iPhone.ActiveCfg = Release|Any CPU
		{01F54B5D-DC75-42AC-9FC2-700CADD49319}.Release|iPhone.Build.0 = Release|Any CPU
		{01F54B5D-DC75-42AC-9FC2-700CADD49319}.Release|iPhoneSimulator.ActiveCfg = Release|Any CPU
		{01F54B5D-DC75-42AC-9FC2-700CADD49319}.Release|iPhoneSimulator.Build.0 = Release|Any CPU
		{B9AF62ED-BFB3-4523-864D-46FEA9B1573C}.Ad-Hoc|Any CPU.ActiveCfg = Debug|Any CPU
		{B9AF62ED-BFB3-4523-864D-46FEA9B1573C}.Ad-Hoc|Any CPU.Build.0 = Debug|Any CPU
		{B9AF62ED-BFB3-4523-864D-46FEA9B1573C}.Ad-Hoc|iPhone.ActiveCfg = Debug|Any CPU
		{B9AF62ED-BFB3-4523-864D-46FEA9B1573C}.Ad-Hoc|iPhone.Build.0 = Debug|Any CPU
		{B9AF62ED-BFB3-4523-864D-46FEA9B1573C}.Ad-Hoc|iPhoneSimulator.ActiveCfg = Debug|Any CPU
		{B9AF62ED-BFB3-4523-864D-46FEA9B1573C}.Ad-Hoc|iPhoneSimulator.Build.0 = Debug|Any CPU
		{B9AF62ED-BFB3-4523-864D-46FEA9B1573C}.AppStore|Any CPU.ActiveCfg = Debug|Any CPU
		{B9AF62ED-BFB3-4523-864D-46FEA9B1573C}.AppStore|Any CPU.Build.0 = Debug|Any CPU
		{B9AF62ED-BFB3-4523-864D-46FEA9B1573C}.AppStore|iPhone.ActiveCfg = Debug|Any CPU
		{B9AF62ED-BFB3-4523-864D-46FEA9B1573C}.AppStore|iPhone.Build.0 = Debug|Any CPU
		{B9AF62ED-BFB3-4523-864D-46FEA9B1573C}.AppStore|iPhoneSimulator.ActiveCfg = Debug|Any CPU
		{B9AF62ED-BFB3-4523-864D-46FEA9B1573C}.AppStore|iPhoneSimulator.Build.0 = Debug|Any CPU
		{B9AF62ED-BFB3-4523-864D-46FEA9B1573C}.Debug|Any CPU.ActiveCfg = Debug|Any CPU
		{B9AF62ED-BFB3-4523-864D-46FEA9B1573C}.Debug|Any CPU.Build.0 = Debug|Any CPU
		{B9AF62ED-BFB3-4523-864D-46FEA9B1573C}.Debug|iPhone.ActiveCfg = Debug|Any CPU
		{B9AF62ED-BFB3-4523-864D-46FEA9B1573C}.Debug|iPhone.Build.0 = Debug|Any CPU
		{B9AF62ED-BFB3-4523-864D-46FEA9B1573C}.Debug|iPhoneSimulator.ActiveCfg = Debug|Any CPU
		{B9AF62ED-BFB3-4523-864D-46FEA9B1573C}.Debug|iPhoneSimulator.Build.0 = Debug|Any CPU
		{B9AF62ED-BFB3-4523-864D-46FEA9B1573C}.Release|Any CPU.ActiveCfg = Release|Any CPU
		{B9AF62ED-BFB3-4523-864D-46FEA9B1573C}.Release|Any CPU.Build.0 = Release|Any CPU
		{B9AF62ED-BFB3-4523-864D-46FEA9B1573C}.Release|iPhone.ActiveCfg = Release|Any CPU
		{B9AF62ED-BFB3-4523-864D-46FEA9B1573C}.Release|iPhone.Build.0 = Release|Any CPU
		{B9AF62ED-BFB3-4523-864D-46FEA9B1573C}.Release|iPhoneSimulator.ActiveCfg = Release|Any CPU
		{B9AF62ED-BFB3-4523-864D-46FEA9B1573C}.Release|iPhoneSimulator.Build.0 = Release|Any CPU
		{BCE4A504-4FF4-431A-B3A3-2C32FD6ED693}.Ad-Hoc|Any CPU.ActiveCfg = Debug|Any CPU
		{BCE4A504-4FF4-431A-B3A3-2C32FD6ED693}.Ad-Hoc|Any CPU.Build.0 = Debug|Any CPU
		{BCE4A504-4FF4-431A-B3A3-2C32FD6ED693}.Ad-Hoc|iPhone.ActiveCfg = Debug|Any CPU
		{BCE4A504-4FF4-431A-B3A3-2C32FD6ED693}.Ad-Hoc|iPhone.Build.0 = Debug|Any CPU
		{BCE4A504-4FF4-431A-B3A3-2C32FD6ED693}.Ad-Hoc|iPhoneSimulator.ActiveCfg = Debug|Any CPU
		{BCE4A504-4FF4-431A-B3A3-2C32FD6ED693}.Ad-Hoc|iPhoneSimulator.Build.0 = Debug|Any CPU
		{BCE4A504-4FF4-431A-B3A3-2C32FD6ED693}.AppStore|Any CPU.ActiveCfg = Debug|Any CPU
		{BCE4A504-4FF4-431A-B3A3-2C32FD6ED693}.AppStore|Any CPU.Build.0 = Debug|Any CPU
		{BCE4A504-4FF4-431A-B3A3-2C32FD6ED693}.AppStore|iPhone.ActiveCfg = Debug|Any CPU
		{BCE4A504-4FF4-431A-B3A3-2C32FD6ED693}.AppStore|iPhone.Build.0 = Debug|Any CPU
		{BCE4A504-4FF4-431A-B3A3-2C32FD6ED693}.AppStore|iPhoneSimulator.ActiveCfg = Debug|Any CPU
		{BCE4A504-4FF4-431A-B3A3-2C32FD6ED693}.AppStore|iPhoneSimulator.Build.0 = Debug|Any CPU
		{BCE4A504-4FF4-431A-B3A3-2C32FD6ED693}.Debug|Any CPU.ActiveCfg = Debug|Any CPU
		{BCE4A504-4FF4-431A-B3A3-2C32FD6ED693}.Debug|Any CPU.Build.0 = Debug|Any CPU
		{BCE4A504-4FF4-431A-B3A3-2C32FD6ED693}.Debug|iPhone.ActiveCfg = Debug|Any CPU
		{BCE4A504-4FF4-431A-B3A3-2C32FD6ED693}.Debug|iPhone.Build.0 = Debug|Any CPU
		{BCE4A504-4FF4-431A-B3A3-2C32FD6ED693}.Debug|iPhoneSimulator.ActiveCfg = Debug|Any CPU
		{BCE4A504-4FF4-431A-B3A3-2C32FD6ED693}.Debug|iPhoneSimulator.Build.0 = Debug|Any CPU
		{BCE4A504-4FF4-431A-B3A3-2C32FD6ED693}.Release|Any CPU.ActiveCfg = Release|Any CPU
		{BCE4A504-4FF4-431A-B3A3-2C32FD6ED693}.Release|Any CPU.Build.0 = Release|Any CPU
		{BCE4A504-4FF4-431A-B3A3-2C32FD6ED693}.Release|iPhone.ActiveCfg = Release|Any CPU
		{BCE4A504-4FF4-431A-B3A3-2C32FD6ED693}.Release|iPhone.Build.0 = Release|Any CPU
		{BCE4A504-4FF4-431A-B3A3-2C32FD6ED693}.Release|iPhoneSimulator.ActiveCfg = Release|Any CPU
		{BCE4A504-4FF4-431A-B3A3-2C32FD6ED693}.Release|iPhoneSimulator.Build.0 = Release|Any CPU
		{071EE25E-F0D9-4F98-9994-5E1E392C3EFC}.Ad-Hoc|Any CPU.ActiveCfg = Release|Any CPU
		{071EE25E-F0D9-4F98-9994-5E1E392C3EFC}.Ad-Hoc|Any CPU.Build.0 = Release|Any CPU
		{071EE25E-F0D9-4F98-9994-5E1E392C3EFC}.Ad-Hoc|Any CPU.Deploy.0 = Release|Any CPU
		{071EE25E-F0D9-4F98-9994-5E1E392C3EFC}.Ad-Hoc|iPhone.ActiveCfg = Release|Any CPU
		{071EE25E-F0D9-4F98-9994-5E1E392C3EFC}.Ad-Hoc|iPhone.Build.0 = Release|Any CPU
		{071EE25E-F0D9-4F98-9994-5E1E392C3EFC}.Ad-Hoc|iPhone.Deploy.0 = Release|Any CPU
		{071EE25E-F0D9-4F98-9994-5E1E392C3EFC}.Ad-Hoc|iPhoneSimulator.ActiveCfg = Release|Any CPU
		{071EE25E-F0D9-4F98-9994-5E1E392C3EFC}.Ad-Hoc|iPhoneSimulator.Build.0 = Release|Any CPU
		{071EE25E-F0D9-4F98-9994-5E1E392C3EFC}.Ad-Hoc|iPhoneSimulator.Deploy.0 = Release|Any CPU
		{071EE25E-F0D9-4F98-9994-5E1E392C3EFC}.AppStore|Any CPU.ActiveCfg = Release|Any CPU
		{071EE25E-F0D9-4F98-9994-5E1E392C3EFC}.AppStore|Any CPU.Build.0 = Release|Any CPU
		{071EE25E-F0D9-4F98-9994-5E1E392C3EFC}.AppStore|Any CPU.Deploy.0 = Release|Any CPU
		{071EE25E-F0D9-4F98-9994-5E1E392C3EFC}.AppStore|iPhone.ActiveCfg = Release|Any CPU
		{071EE25E-F0D9-4F98-9994-5E1E392C3EFC}.AppStore|iPhone.Build.0 = Release|Any CPU
		{071EE25E-F0D9-4F98-9994-5E1E392C3EFC}.AppStore|iPhone.Deploy.0 = Release|Any CPU
		{071EE25E-F0D9-4F98-9994-5E1E392C3EFC}.AppStore|iPhoneSimulator.ActiveCfg = Release|Any CPU
		{071EE25E-F0D9-4F98-9994-5E1E392C3EFC}.AppStore|iPhoneSimulator.Build.0 = Release|Any CPU
		{071EE25E-F0D9-4F98-9994-5E1E392C3EFC}.AppStore|iPhoneSimulator.Deploy.0 = Release|Any CPU
		{071EE25E-F0D9-4F98-9994-5E1E392C3EFC}.Debug|Any CPU.ActiveCfg = Debug|Any CPU
		{071EE25E-F0D9-4F98-9994-5E1E392C3EFC}.Debug|Any CPU.Build.0 = Debug|Any CPU
		{071EE25E-F0D9-4F98-9994-5E1E392C3EFC}.Debug|Any CPU.Deploy.0 = Debug|Any CPU
		{071EE25E-F0D9-4F98-9994-5E1E392C3EFC}.Debug|iPhone.ActiveCfg = Debug|Any CPU
		{071EE25E-F0D9-4F98-9994-5E1E392C3EFC}.Debug|iPhone.Build.0 = Debug|Any CPU
		{071EE25E-F0D9-4F98-9994-5E1E392C3EFC}.Debug|iPhone.Deploy.0 = Debug|Any CPU
		{071EE25E-F0D9-4F98-9994-5E1E392C3EFC}.Debug|iPhoneSimulator.ActiveCfg = Debug|Any CPU
		{071EE25E-F0D9-4F98-9994-5E1E392C3EFC}.Debug|iPhoneSimulator.Build.0 = Debug|Any CPU
		{071EE25E-F0D9-4F98-9994-5E1E392C3EFC}.Debug|iPhoneSimulator.Deploy.0 = Debug|Any CPU
		{071EE25E-F0D9-4F98-9994-5E1E392C3EFC}.Release|Any CPU.ActiveCfg = Release|Any CPU
		{071EE25E-F0D9-4F98-9994-5E1E392C3EFC}.Release|Any CPU.Build.0 = Release|Any CPU
		{071EE25E-F0D9-4F98-9994-5E1E392C3EFC}.Release|Any CPU.Deploy.0 = Release|Any CPU
		{071EE25E-F0D9-4F98-9994-5E1E392C3EFC}.Release|iPhone.ActiveCfg = Release|Any CPU
		{071EE25E-F0D9-4F98-9994-5E1E392C3EFC}.Release|iPhone.Build.0 = Release|Any CPU
		{071EE25E-F0D9-4F98-9994-5E1E392C3EFC}.Release|iPhone.Deploy.0 = Release|Any CPU
		{071EE25E-F0D9-4F98-9994-5E1E392C3EFC}.Release|iPhoneSimulator.ActiveCfg = Release|Any CPU
		{071EE25E-F0D9-4F98-9994-5E1E392C3EFC}.Release|iPhoneSimulator.Build.0 = Release|Any CPU
		{071EE25E-F0D9-4F98-9994-5E1E392C3EFC}.Release|iPhoneSimulator.Deploy.0 = Release|Any CPU
		{A5E652F6-8B28-4906-AEB1-46833FB8A4A9}.Ad-Hoc|Any CPU.ActiveCfg = Ad-Hoc|iPhone
		{A5E652F6-8B28-4906-AEB1-46833FB8A4A9}.Ad-Hoc|iPhone.ActiveCfg = Ad-Hoc|iPhone
		{A5E652F6-8B28-4906-AEB1-46833FB8A4A9}.Ad-Hoc|iPhone.Build.0 = Ad-Hoc|iPhone
		{A5E652F6-8B28-4906-AEB1-46833FB8A4A9}.Ad-Hoc|iPhoneSimulator.ActiveCfg = Ad-Hoc|iPhoneSimulator
		{A5E652F6-8B28-4906-AEB1-46833FB8A4A9}.Ad-Hoc|iPhoneSimulator.Build.0 = Ad-Hoc|iPhoneSimulator
		{A5E652F6-8B28-4906-AEB1-46833FB8A4A9}.AppStore|Any CPU.ActiveCfg = AppStore|iPhone
		{A5E652F6-8B28-4906-AEB1-46833FB8A4A9}.AppStore|iPhone.ActiveCfg = AppStore|iPhone
		{A5E652F6-8B28-4906-AEB1-46833FB8A4A9}.AppStore|iPhone.Build.0 = AppStore|iPhone
		{A5E652F6-8B28-4906-AEB1-46833FB8A4A9}.AppStore|iPhoneSimulator.ActiveCfg = AppStore|iPhoneSimulator
		{A5E652F6-8B28-4906-AEB1-46833FB8A4A9}.AppStore|iPhoneSimulator.Build.0 = AppStore|iPhoneSimulator
		{A5E652F6-8B28-4906-AEB1-46833FB8A4A9}.Debug|Any CPU.ActiveCfg = Debug|iPhone
		{A5E652F6-8B28-4906-AEB1-46833FB8A4A9}.Debug|iPhone.ActiveCfg = Debug|iPhone
		{A5E652F6-8B28-4906-AEB1-46833FB8A4A9}.Debug|iPhone.Build.0 = Debug|iPhone
		{A5E652F6-8B28-4906-AEB1-46833FB8A4A9}.Debug|iPhoneSimulator.ActiveCfg = Debug|iPhoneSimulator
		{A5E652F6-8B28-4906-AEB1-46833FB8A4A9}.Debug|iPhoneSimulator.Build.0 = Debug|iPhoneSimulator
		{A5E652F6-8B28-4906-AEB1-46833FB8A4A9}.Release|Any CPU.ActiveCfg = Release|iPhone
		{A5E652F6-8B28-4906-AEB1-46833FB8A4A9}.Release|iPhone.ActiveCfg = Release|iPhone
		{A5E652F6-8B28-4906-AEB1-46833FB8A4A9}.Release|iPhone.Build.0 = Release|iPhone
		{A5E652F6-8B28-4906-AEB1-46833FB8A4A9}.Release|iPhoneSimulator.ActiveCfg = Release|iPhoneSimulator
		{A5E652F6-8B28-4906-AEB1-46833FB8A4A9}.Release|iPhoneSimulator.Build.0 = Release|iPhoneSimulator
		{67E4EC9D-69DC-42E7-A3B3-460221DD817B}.Ad-Hoc|Any CPU.ActiveCfg = Release|Any CPU
		{67E4EC9D-69DC-42E7-A3B3-460221DD817B}.Ad-Hoc|Any CPU.Build.0 = Release|Any CPU
		{67E4EC9D-69DC-42E7-A3B3-460221DD817B}.Ad-Hoc|Any CPU.Deploy.0 = Release|Any CPU
		{67E4EC9D-69DC-42E7-A3B3-460221DD817B}.Ad-Hoc|iPhone.ActiveCfg = Release|Any CPU
		{67E4EC9D-69DC-42E7-A3B3-460221DD817B}.Ad-Hoc|iPhone.Build.0 = Release|Any CPU
		{67E4EC9D-69DC-42E7-A3B3-460221DD817B}.Ad-Hoc|iPhone.Deploy.0 = Release|Any CPU
		{67E4EC9D-69DC-42E7-A3B3-460221DD817B}.Ad-Hoc|iPhoneSimulator.ActiveCfg = Release|Any CPU
		{67E4EC9D-69DC-42E7-A3B3-460221DD817B}.Ad-Hoc|iPhoneSimulator.Build.0 = Release|Any CPU
		{67E4EC9D-69DC-42E7-A3B3-460221DD817B}.Ad-Hoc|iPhoneSimulator.Deploy.0 = Release|Any CPU
		{67E4EC9D-69DC-42E7-A3B3-460221DD817B}.AppStore|Any CPU.ActiveCfg = Release|Any CPU
		{67E4EC9D-69DC-42E7-A3B3-460221DD817B}.AppStore|Any CPU.Build.0 = Release|Any CPU
		{67E4EC9D-69DC-42E7-A3B3-460221DD817B}.AppStore|Any CPU.Deploy.0 = Release|Any CPU
		{67E4EC9D-69DC-42E7-A3B3-460221DD817B}.AppStore|iPhone.ActiveCfg = Release|Any CPU
		{67E4EC9D-69DC-42E7-A3B3-460221DD817B}.AppStore|iPhone.Build.0 = Release|Any CPU
		{67E4EC9D-69DC-42E7-A3B3-460221DD817B}.AppStore|iPhone.Deploy.0 = Release|Any CPU
		{67E4EC9D-69DC-42E7-A3B3-460221DD817B}.AppStore|iPhoneSimulator.ActiveCfg = Release|Any CPU
		{67E4EC9D-69DC-42E7-A3B3-460221DD817B}.AppStore|iPhoneSimulator.Build.0 = Release|Any CPU
		{67E4EC9D-69DC-42E7-A3B3-460221DD817B}.AppStore|iPhoneSimulator.Deploy.0 = Release|Any CPU
		{67E4EC9D-69DC-42E7-A3B3-460221DD817B}.Debug|Any CPU.ActiveCfg = Debug|Any CPU
		{67E4EC9D-69DC-42E7-A3B3-460221DD817B}.Debug|Any CPU.Build.0 = Debug|Any CPU
		{67E4EC9D-69DC-42E7-A3B3-460221DD817B}.Debug|Any CPU.Deploy.0 = Debug|Any CPU
		{67E4EC9D-69DC-42E7-A3B3-460221DD817B}.Debug|iPhone.ActiveCfg = Debug|Any CPU
		{67E4EC9D-69DC-42E7-A3B3-460221DD817B}.Debug|iPhone.Build.0 = Debug|Any CPU
		{67E4EC9D-69DC-42E7-A3B3-460221DD817B}.Debug|iPhone.Deploy.0 = Debug|Any CPU
		{67E4EC9D-69DC-42E7-A3B3-460221DD817B}.Debug|iPhoneSimulator.ActiveCfg = Debug|Any CPU
		{67E4EC9D-69DC-42E7-A3B3-460221DD817B}.Debug|iPhoneSimulator.Build.0 = Debug|Any CPU
		{67E4EC9D-69DC-42E7-A3B3-460221DD817B}.Debug|iPhoneSimulator.Deploy.0 = Debug|Any CPU
		{67E4EC9D-69DC-42E7-A3B3-460221DD817B}.Release|Any CPU.ActiveCfg = Release|Any CPU
		{67E4EC9D-69DC-42E7-A3B3-460221DD817B}.Release|Any CPU.Build.0 = Release|Any CPU
		{67E4EC9D-69DC-42E7-A3B3-460221DD817B}.Release|Any CPU.Deploy.0 = Release|Any CPU
		{67E4EC9D-69DC-42E7-A3B3-460221DD817B}.Release|iPhone.ActiveCfg = Release|Any CPU
		{67E4EC9D-69DC-42E7-A3B3-460221DD817B}.Release|iPhone.Build.0 = Release|Any CPU
		{67E4EC9D-69DC-42E7-A3B3-460221DD817B}.Release|iPhone.Deploy.0 = Release|Any CPU
		{67E4EC9D-69DC-42E7-A3B3-460221DD817B}.Release|iPhoneSimulator.ActiveCfg = Release|Any CPU
		{67E4EC9D-69DC-42E7-A3B3-460221DD817B}.Release|iPhoneSimulator.Build.0 = Release|Any CPU
		{67E4EC9D-69DC-42E7-A3B3-460221DD817B}.Release|iPhoneSimulator.Deploy.0 = Release|Any CPU
		{A14B06BC-D4F0-40EC-B157-1C2671D46CFB}.Ad-Hoc|Any CPU.ActiveCfg = Release|iPhone
		{A14B06BC-D4F0-40EC-B157-1C2671D46CFB}.Ad-Hoc|Any CPU.Build.0 = Release|iPhone
		{A14B06BC-D4F0-40EC-B157-1C2671D46CFB}.Ad-Hoc|iPhone.ActiveCfg = Release|iPhone
		{A14B06BC-D4F0-40EC-B157-1C2671D46CFB}.Ad-Hoc|iPhone.Build.0 = Release|iPhone
		{A14B06BC-D4F0-40EC-B157-1C2671D46CFB}.Ad-Hoc|iPhoneSimulator.ActiveCfg = Release|iPhoneSimulator
		{A14B06BC-D4F0-40EC-B157-1C2671D46CFB}.Ad-Hoc|iPhoneSimulator.Build.0 = Release|iPhoneSimulator
		{A14B06BC-D4F0-40EC-B157-1C2671D46CFB}.AppStore|Any CPU.ActiveCfg = Release|iPhone
		{A14B06BC-D4F0-40EC-B157-1C2671D46CFB}.AppStore|Any CPU.Build.0 = Release|iPhone
		{A14B06BC-D4F0-40EC-B157-1C2671D46CFB}.AppStore|iPhone.ActiveCfg = Release|iPhone
		{A14B06BC-D4F0-40EC-B157-1C2671D46CFB}.AppStore|iPhone.Build.0 = Release|iPhone
		{A14B06BC-D4F0-40EC-B157-1C2671D46CFB}.AppStore|iPhoneSimulator.ActiveCfg = Release|iPhoneSimulator
		{A14B06BC-D4F0-40EC-B157-1C2671D46CFB}.AppStore|iPhoneSimulator.Build.0 = Release|iPhoneSimulator
		{A14B06BC-D4F0-40EC-B157-1C2671D46CFB}.Debug|Any CPU.ActiveCfg = Debug|iPhone
		{A14B06BC-D4F0-40EC-B157-1C2671D46CFB}.Debug|iPhone.ActiveCfg = Debug|iPhone
		{A14B06BC-D4F0-40EC-B157-1C2671D46CFB}.Debug|iPhone.Build.0 = Debug|iPhone
		{A14B06BC-D4F0-40EC-B157-1C2671D46CFB}.Debug|iPhoneSimulator.ActiveCfg = Debug|iPhoneSimulator
		{A14B06BC-D4F0-40EC-B157-1C2671D46CFB}.Debug|iPhoneSimulator.Build.0 = Debug|iPhoneSimulator
		{A14B06BC-D4F0-40EC-B157-1C2671D46CFB}.Release|Any CPU.ActiveCfg = Release|iPhone
		{A14B06BC-D4F0-40EC-B157-1C2671D46CFB}.Release|iPhone.ActiveCfg = Release|iPhone
		{A14B06BC-D4F0-40EC-B157-1C2671D46CFB}.Release|iPhone.Build.0 = Release|iPhone
		{A14B06BC-D4F0-40EC-B157-1C2671D46CFB}.Release|iPhoneSimulator.ActiveCfg = Release|iPhoneSimulator
		{A14B06BC-D4F0-40EC-B157-1C2671D46CFB}.Release|iPhoneSimulator.Build.0 = Release|iPhoneSimulator
	EndGlobalSection
	GlobalSection(SolutionProperties) = preSolution
		HideSolutionNode = FALSE
	EndGlobalSection
	GlobalSection(ExtensibilityGlobals) = postSolution
		SolutionGuid = {39BB216D-A9B1-403C-83B5-165B56353228}
	EndGlobalSection
EndGlobal
